// !$*UTF8*$!
{
	archiveVersion = 1;
	classes = {
	};
	objectVersion = 48;
	objects = {

/* Begin PBXBuildFile section */
		591E8030201B66A700CF6D83 /* HomeDatasourceController.swift in Sources */ = {isa = PBXBuildFile; fileRef = 591E802F201B66A700CF6D83 /* HomeDatasourceController.swift */; };
		591E8035201B6DFF00CF6D83 /* UserHeaderFooter.swift in Sources */ = {isa = PBXBuildFile; fileRef = 591E8034201B6DFF00CF6D83 /* UserHeaderFooter.swift */; };
		591E8037201B6E4700CF6D83 /* HomeDatasource.swift in Sources */ = {isa = PBXBuildFile; fileRef = 591E8036201B6E4700CF6D83 /* HomeDatasource.swift */; };
		591E8039201BFB5B00CF6D83 /* User.swift in Sources */ = {isa = PBXBuildFile; fileRef = 591E8038201BFB5A00CF6D83 /* User.swift */; };
		5928D94E201DA14B00E49DAE /* TweetCell.swift in Sources */ = {isa = PBXBuildFile; fileRef = 5928D94D201DA14B00E49DAE /* TweetCell.swift */; };
		599E5216201C050D00E48F21 /* UserCell.swift in Sources */ = {isa = PBXBuildFile; fileRef = 599E5215201C050D00E48F21 /* UserCell.swift */; };
		59D6CBBF201C3E160076E8BC /* HomeDatasourceController+navbar.swift in Sources */ = {isa = PBXBuildFile; fileRef = 59D6CBBE201C3E150076E8BC /* HomeDatasourceController+navbar.swift */; };
		59F369292018CB5C009D8C27 /* AppDelegate.swift in Sources */ = {isa = PBXBuildFile; fileRef = 59F369282018CB5C009D8C27 /* AppDelegate.swift */; };
		59F369302018CB5C009D8C27 /* Assets.xcassets in Resources */ = {isa = PBXBuildFile; fileRef = 59F3692F2018CB5C009D8C27 /* Assets.xcassets */; };
		59F369332018CB5C009D8C27 /* LaunchScreen.storyboard in Resources */ = {isa = PBXBuildFile; fileRef = 59F369312018CB5C009D8C27 /* LaunchScreen.storyboard */; };
		59F3693B2018CD48009D8C27 /* HomeController.swift in Sources */ = {isa = PBXBuildFile; fileRef = 59F3693A2018CD47009D8C27 /* HomeController.swift */; };
		C8232B502FAF13D45A1F834C /* Pods_TwitterClone.framework in Frameworks */ = {isa = PBXBuildFile; fileRef = 79913913FB291391C7B24B50 /* Pods_TwitterClone.framework */; };
/* End PBXBuildFile section */

/* Begin PBXFileReference section */
		591E802F201B66A700CF6D83 /* HomeDatasourceController.swift */ = {isa = PBXFileReference; lastKnownFileType = sourcecode.swift; path = HomeDatasourceController.swift; sourceTree = "<group>"; };
		591E8034201B6DFF00CF6D83 /* UserHeaderFooter.swift */ = {isa = PBXFileReference; lastKnownFileType = sourcecode.swift; path = UserHeaderFooter.swift; sourceTree = "<group>"; };
		591E8036201B6E4700CF6D83 /* HomeDatasource.swift */ = {isa = PBXFileReference; lastKnownFileType = sourcecode.swift; path = HomeDatasource.swift; sourceTree = "<group>"; };
		591E8038201BFB5A00CF6D83 /* User.swift */ = {isa = PBXFileReference; lastKnownFileType = sourcecode.swift; path = User.swift; sourceTree = "<group>"; };
		5928D94D201DA14B00E49DAE /* TweetCell.swift */ = {isa = PBXFileReference; lastKnownFileType = sourcecode.swift; path = TweetCell.swift; sourceTree = "<group>"; };
		599E5215201C050D00E48F21 /* UserCell.swift */ = {isa = PBXFileReference; lastKnownFileType = sourcecode.swift; path = UserCell.swift; sourceTree = "<group>"; };
		59D6CBBE201C3E150076E8BC /* HomeDatasourceController+navbar.swift */ = {isa = PBXFileReference; lastKnownFileType = sourcecode.swift; name = "HomeDatasourceController+navbar.swift"; path = "/Users/mashype/Dropbox/Development/iOS/TwitterClone/TwitterClone/Controller/HomeDatasourceController+navbar.swift"; sourceTree = "<absolute>"; };
		59F369252018CB5C009D8C27 /* TwitterClone.app */ = {isa = PBXFileReference; explicitFileType = wrapper.application; includeInIndex = 0; path = TwitterClone.app; sourceTree = BUILT_PRODUCTS_DIR; };
		59F369282018CB5C009D8C27 /* AppDelegate.swift */ = {isa = PBXFileReference; lastKnownFileType = sourcecode.swift; path = AppDelegate.swift; sourceTree = "<group>"; };
		59F3692F2018CB5C009D8C27 /* Assets.xcassets */ = {isa = PBXFileReference; lastKnownFileType = folder.assetcatalog; path = Assets.xcassets; sourceTree = "<group>"; };
		59F369322018CB5C009D8C27 /* Base */ = {isa = PBXFileReference; lastKnownFileType = file.storyboard; name = Base; path = Base.lproj/LaunchScreen.storyboard; sourceTree = "<group>"; };
		59F369342018CB5C009D8C27 /* Info.plist */ = {isa = PBXFileReference; lastKnownFileType = text.plist.xml; path = Info.plist; sourceTree = "<group>"; };
		59F3693A2018CD47009D8C27 /* HomeController.swift */ = {isa = PBXFileReference; lastKnownFileType = sourcecode.swift; path = HomeController.swift; sourceTree = "<group>"; };
		76B42AD7427417D23A215B0E /* Pods-TwitterClone.release.xcconfig */ = {isa = PBXFileReference; includeInIndex = 1; lastKnownFileType = text.xcconfig; name = "Pods-TwitterClone.release.xcconfig"; path = "Pods/Target Support Files/Pods-TwitterClone/Pods-TwitterClone.release.xcconfig"; sourceTree = "<group>"; };
		79913913FB291391C7B24B50 /* Pods_TwitterClone.framework */ = {isa = PBXFileReference; explicitFileType = wrapper.framework; includeInIndex = 0; path = Pods_TwitterClone.framework; sourceTree = BUILT_PRODUCTS_DIR; };
		D55595B2E566916089EFE417 /* Pods-TwitterClone.debug.xcconfig */ = {isa = PBXFileReference; includeInIndex = 1; lastKnownFileType = text.xcconfig; name = "Pods-TwitterClone.debug.xcconfig"; path = "Pods/Target Support Files/Pods-TwitterClone/Pods-TwitterClone.debug.xcconfig"; sourceTree = "<group>"; };
/* End PBXFileReference section */

/* Begin PBXFrameworksBuildPhase section */
		59F369222018CB5C009D8C27 /* Frameworks */ = {
			isa = PBXFrameworksBuildPhase;
			buildActionMask = 2147483647;
			files = (
				C8232B502FAF13D45A1F834C /* Pods_TwitterClone.framework in Frameworks */,
			);
			runOnlyForDeploymentPostprocessing = 0;
		};
/* End PBXFrameworksBuildPhase section */

/* Begin PBXGroup section */
		2DF9480BFD55E4249BB42889 /* Frameworks */ = {
			isa = PBXGroup;
			children = (
				79913913FB291391C7B24B50 /* Pods_TwitterClone.framework */,
			);
			name = Frameworks;
			sourceTree = "<group>";
		};
		591E8031201B6DD200CF6D83 /* Controller */ = {
			isa = PBXGroup;
			children = (
				591E802F201B66A700CF6D83 /* HomeDatasourceController.swift */,
				59D6CBBE201C3E150076E8BC /* HomeDatasourceController+navbar.swift */,
			);
			path = Controller;
			sourceTree = "<group>";
		};
		591E8032201B6DE000CF6D83 /* Model */ = {
			isa = PBXGroup;
			children = (
				591E8036201B6E4700CF6D83 /* HomeDatasource.swift */,
				591E8038201BFB5A00CF6D83 /* User.swift */,
			);
			path = Model;
			sourceTree = "<group>";
		};
		591E8033201B6DE600CF6D83 /* View */ = {
			isa = PBXGroup;
			children = (
				591E8034201B6DFF00CF6D83 /* UserHeaderFooter.swift */,
				599E5215201C050D00E48F21 /* UserCell.swift */,
				5928D94D201DA14B00E49DAE /* TweetCell.swift */,
			);
			path = View;
			sourceTree = "<group>";
		};
		59F3691C2018CB5B009D8C27 = {
			isa = PBXGroup;
			children = (
				59F369272018CB5C009D8C27 /* TwitterClone */,
				59F369262018CB5C009D8C27 /* Products */,
				C6E961A8C7E8DA25EE81CC07 /* Pods */,
				2DF9480BFD55E4249BB42889 /* Frameworks */,
			);
			sourceTree = "<group>";
		};
		59F369262018CB5C009D8C27 /* Products */ = {
			isa = PBXGroup;
			children = (
				59F369252018CB5C009D8C27 /* TwitterClone.app */,
			);
			name = Products;
			sourceTree = "<group>";
		};
		59F369272018CB5C009D8C27 /* TwitterClone */ = {
			isa = PBXGroup;
			children = (
				591E8033201B6DE600CF6D83 /* View */,
				591E8032201B6DE000CF6D83 /* Model */,
				591E8031201B6DD200CF6D83 /* Controller */,
				59F369282018CB5C009D8C27 /* AppDelegate.swift */,
				59F3693A2018CD47009D8C27 /* HomeController.swift */,
				59F3692F2018CB5C009D8C27 /* Assets.xcassets */,
				59F369312018CB5C009D8C27 /* LaunchScreen.storyboard */,
				59F369342018CB5C009D8C27 /* Info.plist */,
			);
			path = TwitterClone;
			sourceTree = "<group>";
		};
		C6E961A8C7E8DA25EE81CC07 /* Pods */ = {
			isa = PBXGroup;
			children = (
				D55595B2E566916089EFE417 /* Pods-TwitterClone.debug.xcconfig */,
				76B42AD7427417D23A215B0E /* Pods-TwitterClone.release.xcconfig */,
			);
			name = Pods;
			sourceTree = "<group>";
		};
/* End PBXGroup section */

/* Begin PBXNativeTarget section */
		59F369242018CB5C009D8C27 /* TwitterClone */ = {
			isa = PBXNativeTarget;
			buildConfigurationList = 59F369372018CB5C009D8C27 /* Build configuration list for PBXNativeTarget "TwitterClone" */;
			buildPhases = (
				9C65E4E089BC5A13E8017D1F /* [CP] Check Pods Manifest.lock */,
				59F369212018CB5C009D8C27 /* Sources */,
				59F369222018CB5C009D8C27 /* Frameworks */,
				59F369232018CB5C009D8C27 /* Resources */,
				DA3DDB31B97A05730CD4E2DF /* [CP] Embed Pods Frameworks */,
				BFC47E059FC69779B57E428E /* [CP] Copy Pods Resources */,
			);
			buildRules = (
			);
			dependencies = (
			);
			name = TwitterClone;
			productName = TwitterClone;
			productReference = 59F369252018CB5C009D8C27 /* TwitterClone.app */;
			productType = "com.apple.product-type.application";
		};
/* End PBXNativeTarget section */

/* Begin PBXProject section */
		59F3691D2018CB5B009D8C27 /* Project object */ = {
			isa = PBXProject;
			attributes = {
				LastSwiftUpdateCheck = 0920;
				LastUpgradeCheck = 0920;
				ORGANIZATIONNAME = leftyseth;
				TargetAttributes = {
					59F369242018CB5C009D8C27 = {
						CreatedOnToolsVersion = 9.2;
						ProvisioningStyle = Automatic;
					};
				};
			};
			buildConfigurationList = 59F369202018CB5B009D8C27 /* Build configuration list for PBXProject "TwitterClone" */;
			compatibilityVersion = "Xcode 8.0";
			developmentRegion = en;
			hasScannedForEncodings = 0;
			knownRegions = (
				en,
				Base,
			);
			mainGroup = 59F3691C2018CB5B009D8C27;
			productRefGroup = 59F369262018CB5C009D8C27 /* Products */;
			projectDirPath = "";
			projectRoot = "";
			targets = (
				59F369242018CB5C009D8C27 /* TwitterClone */,
			);
		};
/* End PBXProject section */

/* Begin PBXResourcesBuildPhase section */
		59F369232018CB5C009D8C27 /* Resources */ = {
			isa = PBXResourcesBuildPhase;
			buildActionMask = 2147483647;
			files = (
				59F369332018CB5C009D8C27 /* LaunchScreen.storyboard in Resources */,
				59F369302018CB5C009D8C27 /* Assets.xcassets in Resources */,
			);
			runOnlyForDeploymentPostprocessing = 0;
		};
/* End PBXResourcesBuildPhase section */

/* Begin PBXShellScriptBuildPhase section */
		9C65E4E089BC5A13E8017D1F /* [CP] Check Pods Manifest.lock */ = {
			isa = PBXShellScriptBuildPhase;
			buildActionMask = 2147483647;
			files = (
			);
			inputPaths = (
				"${PODS_PODFILE_DIR_PATH}/Podfile.lock",
				"${PODS_ROOT}/Manifest.lock",
			);
			name = "[CP] Check Pods Manifest.lock";
			outputPaths = (
				"$(DERIVED_FILE_DIR)/Pods-TwitterClone-checkManifestLockResult.txt",
			);
			runOnlyForDeploymentPostprocessing = 0;
			shellPath = /bin/sh;
			shellScript = "diff \"${PODS_PODFILE_DIR_PATH}/Podfile.lock\" \"${PODS_ROOT}/Manifest.lock\" > /dev/null\nif [ $? != 0 ] ; then\n    # print error to STDERR\n    echo \"error: The sandbox is not in sync with the Podfile.lock. Run 'pod install' or update your CocoaPods installation.\" >&2\n    exit 1\nfi\n# This output is used by Xcode 'outputs' to avoid re-running this script phase.\necho \"SUCCESS\" > \"${SCRIPT_OUTPUT_FILE_0}\"\n";
			showEnvVarsInLog = 0;
		};
		BFC47E059FC69779B57E428E /* [CP] Copy Pods Resources */ = {
			isa = PBXShellScriptBuildPhase;
			buildActionMask = 2147483647;
			files = (
			);
			inputPaths = (
			);
			name = "[CP] Copy Pods Resources";
			outputPaths = (
			);
			runOnlyForDeploymentPostprocessing = 0;
			shellPath = /bin/sh;
			shellScript = "\"${SRCROOT}/Pods/Target Support Files/Pods-TwitterClone/Pods-TwitterClone-resources.sh\"\n";
			showEnvVarsInLog = 0;
		};
		DA3DDB31B97A05730CD4E2DF /* [CP] Embed Pods Frameworks */ = {
			isa = PBXShellScriptBuildPhase;
			buildActionMask = 2147483647;
			files = (
			);
			inputPaths = (
				"${SRCROOT}/Pods/Target Support Files/Pods-TwitterClone/Pods-TwitterClone-frameworks.sh",
				"${BUILT_PRODUCTS_DIR}/LBTAComponents/LBTAComponents.framework",
			);
			name = "[CP] Embed Pods Frameworks";
			outputPaths = (
				"${TARGET_BUILD_DIR}/${FRAMEWORKS_FOLDER_PATH}/LBTAComponents.framework",
			);
			runOnlyForDeploymentPostprocessing = 0;
			shellPath = /bin/sh;
			shellScript = "\"${SRCROOT}/Pods/Target Support Files/Pods-TwitterClone/Pods-TwitterClone-frameworks.sh\"\n";
			showEnvVarsInLog = 0;
		};
/* End PBXShellScriptBuildPhase section */

/* Begin PBXSourcesBuildPhase section */
		59F369212018CB5C009D8C27 /* Sources */ = {
			isa = PBXSourcesBuildPhase;
			buildActionMask = 2147483647;
			files = (
				591E8037201B6E4700CF6D83 /* HomeDatasource.swift in Sources */,
				59F369292018CB5C009D8C27 /* AppDelegate.swift in Sources */,
				591E8039201BFB5B00CF6D83 /* User.swift in Sources */,
				5928D94E201DA14B00E49DAE /* TweetCell.swift in Sources */,
				591E8035201B6DFF00CF6D83 /* UserHeaderFooter.swift in Sources */,
				591E8030201B66A700CF6D83 /* HomeDatasourceController.swift in Sources */,
				59D6CBBF201C3E160076E8BC /* HomeDatasourceController+navbar.swift in Sources */,
				59F3693B2018CD48009D8C27 /* HomeController.swift in Sources */,
				599E5216201C050D00E48F21 /* UserCell.swift in Sources */,
			);
			runOnlyForDeploymentPostprocessing = 0;
		};
/* End PBXSourcesBuildPhase section */

/* Begin PBXVariantGroup section */
		59F369312018CB5C009D8C27 /* LaunchScreen.storyboard */ = {
			isa = PBXVariantGroup;
			children = (
				59F369322018CB5C009D8C27 /* Base */,
			);
			name = LaunchScreen.storyboard;
			sourceTree = "<group>";
		};
/* End PBXVariantGroup section */

/* Begin XCBuildConfiguration section */
		59F369352018CB5C009D8C27 /* Debug */ = {
			isa = XCBuildConfiguration;
			buildSettings = {
				ALWAYS_SEARCH_USER_PATHS = NO;
				CLANG_ANALYZER_NONNULL = YES;
				CLANG_ANALYZER_NUMBER_OBJECT_CONVERSION = YES_AGGRESSIVE;
				CLANG_CXX_LANGUAGE_STANDARD = "gnu++14";
				CLANG_CXX_LIBRARY = "libc++";
				CLANG_ENABLE_MODULES = YES;
				CLANG_ENABLE_OBJC_ARC = YES;
				CLANG_WARN_BLOCK_CAPTURE_AUTORELEASING = YES;
				CLANG_WARN_BOOL_CONVERSION = YES;
				CLANG_WARN_COMMA = YES;
				CLANG_WARN_CONSTANT_CONVERSION = YES;
				CLANG_WARN_DIRECT_OBJC_ISA_USAGE = YES_ERROR;
				CLANG_WARN_DOCUMENTATION_COMMENTS = YES;
				CLANG_WARN_EMPTY_BODY = YES;
				CLANG_WARN_ENUM_CONVERSION = YES;
				CLANG_WARN_INFINITE_RECURSION = YES;
				CLANG_WARN_INT_CONVERSION = YES;
				CLANG_WARN_NON_LITERAL_NULL_CONVERSION = YES;
				CLANG_WARN_OBJC_LITERAL_CONVERSION = YES;
				CLANG_WARN_OBJC_ROOT_CLASS = YES_ERROR;
				CLANG_WARN_RANGE_LOOP_ANALYSIS = YES;
				CLANG_WARN_STRICT_PROTOTYPES = YES;
				CLANG_WARN_SUSPICIOUS_MOVE = YES;
				CLANG_WARN_UNGUARDED_AVAILABILITY = YES_AGGRESSIVE;
				CLANG_WARN_UNREACHABLE_CODE = YES;
				CLANG_WARN__DUPLICATE_METHOD_MATCH = YES;
				CODE_SIGN_IDENTITY = "iPhone Developer";
				COPY_PHASE_STRIP = NO;
				DEBUG_INFORMATION_FORMAT = dwarf;
				ENABLE_STRICT_OBJC_MSGSEND = YES;
				ENABLE_TESTABILITY = YES;
				GCC_C_LANGUAGE_STANDARD = gnu11;
				GCC_DYNAMIC_NO_PIC = NO;
				GCC_NO_COMMON_BLOCKS = YES;
				GCC_OPTIMIZATION_LEVEL = 0;
				GCC_PREPROCESSOR_DEFINITIONS = (
					"DEBUG=1",
					"$(inherited)",
				);
				GCC_WARN_64_TO_32_BIT_CONVERSION = YES;
				GCC_WARN_ABOUT_RETURN_TYPE = YES_ERROR;
				GCC_WARN_UNDECLARED_SELECTOR = YES;
				GCC_WARN_UNINITIALIZED_AUTOS = YES_AGGRESSIVE;
				GCC_WARN_UNUSED_FUNCTION = YES;
				GCC_WARN_UNUSED_VARIABLE = YES;
				IPHONEOS_DEPLOYMENT_TARGET = 11.2;
				MTL_ENABLE_DEBUG_INFO = YES;
				ONLY_ACTIVE_ARCH = YES;
				SDKROOT = iphoneos;
				SWIFT_ACTIVE_COMPILATION_CONDITIONS = DEBUG;
				SWIFT_OPTIMIZATION_LEVEL = "-Onone";
			};
			name = Debug;
		};
		59F369362018CB5C009D8C27 /* Release */ = {
			isa = XCBuildConfiguration;
			buildSettings = {
				ALWAYS_SEARCH_USER_PATHS = NO;
				CLANG_ANALYZER_NONNULL = YES;
				CLANG_ANALYZER_NUMBER_OBJECT_CONVERSION = YES_AGGRESSIVE;
				CLANG_CXX_LANGUAGE_STANDARD = "gnu++14";
				CLANG_CXX_LIBRARY = "libc++";
				CLANG_ENABLE_MODULES = YES;
				CLANG_ENABLE_OBJC_ARC = YES;
				CLANG_WARN_BLOCK_CAPTURE_AUTORELEASING = YES;
				CLANG_WARN_BOOL_CONVERSION = YES;
				CLANG_WARN_COMMA = YES;
				CLANG_WARN_CONSTANT_CONVERSION = YES;
				CLANG_WARN_DIRECT_OBJC_ISA_USAGE = YES_ERROR;
				CLANG_WARN_DOCUMENTATION_COMMENTS = YES;
				CLANG_WARN_EMPTY_BODY = YES;
				CLANG_WARN_ENUM_CONVERSION = YES;
				CLANG_WARN_INFINITE_RECURSION = YES;
				CLANG_WARN_INT_CONVERSION = YES;
				CLANG_WARN_NON_LITERAL_NULL_CONVERSION = YES;
				CLANG_WARN_OBJC_LITERAL_CONVERSION = YES;
				CLANG_WARN_OBJC_ROOT_CLASS = YES_ERROR;
				CLANG_WARN_RANGE_LOOP_ANALYSIS = YES;
				CLANG_WARN_STRICT_PROTOTYPES = YES;
				CLANG_WARN_SUSPICIOUS_MOVE = YES;
				CLANG_WARN_UNGUARDED_AVAILABILITY = YES_AGGRESSIVE;
				CLANG_WARN_UNREACHABLE_CODE = YES;
				CLANG_WARN__DUPLICATE_METHOD_MATCH = YES;
				CODE_SIGN_IDENTITY = "iPhone Developer";
				COPY_PHASE_STRIP = NO;
				DEBUG_INFORMATION_FORMAT = "dwarf-with-dsym";
				ENABLE_NS_ASSERTIONS = NO;
				ENABLE_STRICT_OBJC_MSGSEND = YES;
				GCC_C_LANGUAGE_STANDARD = gnu11;
				GCC_NO_COMMON_BLOCKS = YES;
				GCC_WARN_64_TO_32_BIT_CONVERSION = YES;
				GCC_WARN_ABOUT_RETURN_TYPE = YES_ERROR;
				GCC_WARN_UNDECLARED_SELECTOR = YES;
				GCC_WARN_UNINITIALIZED_AUTOS = YES_AGGRESSIVE;
				GCC_WARN_UNUSED_FUNCTION = YES;
				GCC_WARN_UNUSED_VARIABLE = YES;
				IPHONEOS_DEPLOYMENT_TARGET = 11.2;
				MTL_ENABLE_DEBUG_INFO = NO;
				SDKROOT = iphoneos;
				SWIFT_OPTIMIZATION_LEVEL = "-Owholemodule";
				VALIDATE_PRODUCT = YES;
			};
			name = Release;
		};
		59F369382018CB5C009D8C27 /* Debug */ = {
			isa = XCBuildConfiguration;
			baseConfigurationReference = D55595B2E566916089EFE417 /* Pods-TwitterClone.debug.xcconfig */;
			buildSettings = {
				ASSETCATALOG_COMPILER_APPICON_NAME = AppIcon;
				CODE_SIGN_STYLE = Automatic;
				DEVELOPMENT_TEAM = YZQXJDN28A;
				INFOPLIST_FILE = TwitterClone/Info.plist;
				LD_RUNPATH_SEARCH_PATHS = "$(inherited) @executable_path/Frameworks";
				PRODUCT_BUNDLE_IDENTIFIER = com.leftyseth.TwitterClone;
				PRODUCT_NAME = "$(TARGET_NAME)";
				SWIFT_VERSION = 4.0;
				TARGETED_DEVICE_FAMILY = "1,2";
			};
			name = Debug;
		};
		59F369392018CB5C009D8C27 /* Release */ = {
			isa = XCBuildConfiguration;
			baseConfigurationReference = 76B42AD7427417D23A215B0E /* Pods-TwitterClone.release.xcconfig */;
			buildSettings = {
				ASSETCATALOG_COMPILER_APPICON_NAME = AppIcon;
				CODE_SIGN_STYLE = Automatic;
				DEVELOPMENT_TEAM = YZQXJDN28A;
				INFOPLIST_FILE = TwitterClone/Info.plist;
				LD_RUNPATH_SEARCH_PATHS = "$(inherited) @executable_path/Frameworks";
				PRODUCT_BUNDLE_IDENTIFIER = com.leftyseth.TwitterClone;
				PRODUCT_NAME = "$(TARGET_NAME)";
				SWIFT_VERSION = 4.0;
				TARGETED_DEVICE_FAMILY = "1,2";
			};
			name = Release;
		};
/* End XCBuildConfiguration section */

/* Begin XCConfigurationList section */
		59F369202018CB5B009D8C27 /* Build configuration list for PBXProject "TwitterClone" */ = {
			isa = XCConfigurationList;
			buildConfigurations = (
				59F369352018CB5C009D8C27 /* Debug */,
				59F369362018CB5C009D8C27 /* Release */,
			);
			defaultConfigurationIsVisible = 0;
			defaultConfigurationName = Release;
		};
		59F369372018CB5C009D8C27 /* Build configuration list for PBXNativeTarget "TwitterClone" */ = {
			isa = XCConfigurationList;
			buildConfigurations = (
				59F369382018CB5C009D8C27 /* Debug */,
				59F369392018CB5C009D8C27 /* Release */,
			);
			defaultConfigurationIsVisible = 0;
			defaultConfigurationName = Release;
		};
/* End XCConfigurationList section */
	};
	rootObject = 59F3691D2018CB5B009D8C27 /* Project object */;
}
